
Microsoft Visual Studio Solution File, Format Version 12.00
# Visual Studio Version 17
VisualStudioVersion = 17.9.34701.34
MinimumVisualStudioVersion = 10.0.40219.1
Project("{9A19103F-16F7-4668-BE54-9A1E7A4F7556}") = "Finance_Manager_UI", "Finance_Manager_UI\Finance_Manager_UI.csproj", "{8D8765D1-B080-42EE-A67B-67FF1BEF3DE8}"
EndProject
Project("{2150E333-8FDC-42A3-9474-1A3956D46DE8}") = "Finance_Manager_Backend", "Finance_Manager_Backend", "{E7FF467E-7ACA-4950-A692-07449CE1B1BB}"
EndProject
Project("{9A19103F-16F7-4668-BE54-9A1E7A4F7556}") = "ApiGateway", "ApiGateway\ApiGateway.csproj", "{CA6FC670-5FAB-4093-A231-7920D2A4D419}"
EndProject
Project("{2150E333-8FDC-42A3-9474-1A3956D46DE8}") = "Services", "Services", "{DF79664D-15AC-4267-897E-10A6B0D1294D}"
EndProject
Project("{9A19103F-16F7-4668-BE54-9A1E7A4F7556}") = "Common", "Common\Common.csproj", "{0499D9FC-18B9-4704-B005-EBAC5F93D73E}"
EndProject
Project("{2150E333-8FDC-42A3-9474-1A3956D46DE8}") = "Tests", "Tests", "{1D357A8E-E913-4CA0-8182-8BAB4BF7251F}"
EndProject
Project("{9A19103F-16F7-4668-BE54-9A1E7A4F7556}") = "UserService", "Services\UserService\UserService.csproj", "{E702D04B-946F-4EE8-9502-B04ED5866443}"
EndProject
Project("{9A19103F-16F7-4668-BE54-9A1E7A4F7556}") = "UserService.Test", "Tests\UserService.Test\UserService.Test.csproj", "{D00E1FFF-9E7A-4F69-981C-C7A6DEA9642F}"
EndProject
Project("{9A19103F-16F7-4668-BE54-9A1E7A4F7556}") = "CategoryService", "Services\CategoryService\CategoryService.csproj", "{EC56DDB7-D3C5-4D87-A84C-670E076D399D}"
EndProject
Project("{9A19103F-16F7-4668-BE54-9A1E7A4F7556}") = "CategoryService.Test", "Tests\CategoryService.Test\CategoryService.Test.csproj", "{9A79515E-7E62-4E9B-854E-C2B25641731C}"
EndProject
Project("{9A19103F-16F7-4668-BE54-9A1E7A4F7556}") = "Incomes.Test", "Tests\Incomes.Test\Incomes.Test.csproj", "{AECA1227-6297-449F-949E-2F6238E793F8}"
EndProject
Project("{9A19103F-16F7-4668-BE54-9A1E7A4F7556}") = "CurrencyService", "Services\CurrencyService\CurrencyService.csproj", "{5A5D0061-9C17-47FD-93F7-0309976A85B0}"
EndProject
Project("{9A19103F-16F7-4668-BE54-9A1E7A4F7556}") = "CurrencyService.Test", "Tests\CurrencyService.Test\CurrencyService.Test.csproj", "{016387AB-C14B-4189-8262-2411716F34E8}"
EndProject
Project("{9A19103F-16F7-4668-BE54-9A1E7A4F7556}") = "BudgetService", "Services\BudgetService\BudgetService.csproj", "{BC2427D0-1252-4500-ABD2-FD702E4CA7F4}"
EndProject
Project("{9A19103F-16F7-4668-BE54-9A1E7A4F7556}") = "PortfolioService", "PortfolioService\PortfolioService.csproj", "{F2E3F1B9-2FD9-464B-B0D6-E8A096054594}"
EndProject
Global
	GlobalSection(SolutionConfigurationPlatforms) = preSolution
		Debug|Any CPU = Debug|Any CPU
		Release|Any CPU = Release|Any CPU
	EndGlobalSection
	GlobalSection(ProjectConfigurationPlatforms) = postSolution
		{8D8765D1-B080-42EE-A67B-67FF1BEF3DE8}.Debug|Any CPU.ActiveCfg = Debug|Any CPU
		{8D8765D1-B080-42EE-A67B-67FF1BEF3DE8}.Debug|Any CPU.Build.0 = Debug|Any CPU
		{8D8765D1-B080-42EE-A67B-67FF1BEF3DE8}.Debug|Any CPU.Deploy.0 = Debug|Any CPU
		{8D8765D1-B080-42EE-A67B-67FF1BEF3DE8}.Release|Any CPU.ActiveCfg = Release|Any CPU
		{8D8765D1-B080-42EE-A67B-67FF1BEF3DE8}.Release|Any CPU.Build.0 = Release|Any CPU
		{8D8765D1-B080-42EE-A67B-67FF1BEF3DE8}.Release|Any CPU.Deploy.0 = Release|Any CPU
		{CA6FC670-5FAB-4093-A231-7920D2A4D419}.Debug|Any CPU.ActiveCfg = Debug|Any CPU
		{CA6FC670-5FAB-4093-A231-7920D2A4D419}.Debug|Any CPU.Build.0 = Debug|Any CPU
		{CA6FC670-5FAB-4093-A231-7920D2A4D419}.Release|Any CPU.ActiveCfg = Release|Any CPU
		{CA6FC670-5FAB-4093-A231-7920D2A4D419}.Release|Any CPU.Build.0 = Release|Any CPU
		{0499D9FC-18B9-4704-B005-EBAC5F93D73E}.Debug|Any CPU.ActiveCfg = Debug|Any CPU
		{0499D9FC-18B9-4704-B005-EBAC5F93D73E}.Debug|Any CPU.Build.0 = Debug|Any CPU
		{0499D9FC-18B9-4704-B005-EBAC5F93D73E}.Release|Any CPU.ActiveCfg = Release|Any CPU
		{0499D9FC-18B9-4704-B005-EBAC5F93D73E}.Release|Any CPU.Build.0 = Release|Any CPU
		{E702D04B-946F-4EE8-9502-B04ED5866443}.Debug|Any CPU.ActiveCfg = Debug|Any CPU
		{E702D04B-946F-4EE8-9502-B04ED5866443}.Debug|Any CPU.Build.0 = Debug|Any CPU
		{E702D04B-946F-4EE8-9502-B04ED5866443}.Release|Any CPU.ActiveCfg = Release|Any CPU
		{E702D04B-946F-4EE8-9502-B04ED5866443}.Release|Any CPU.Build.0 = Release|Any CPU
		{D00E1FFF-9E7A-4F69-981C-C7A6DEA9642F}.Debug|Any CPU.ActiveCfg = Debug|Any CPU
		{D00E1FFF-9E7A-4F69-981C-C7A6DEA9642F}.Debug|Any CPU.Build.0 = Debug|Any CPU
		{D00E1FFF-9E7A-4F69-981C-C7A6DEA9642F}.Release|Any CPU.ActiveCfg = Release|Any CPU
		{D00E1FFF-9E7A-4F69-981C-C7A6DEA9642F}.Release|Any CPU.Build.0 = Release|Any CPU
		{EC56DDB7-D3C5-4D87-A84C-670E076D399D}.Debug|Any CPU.ActiveCfg = Debug|Any CPU
		{EC56DDB7-D3C5-4D87-A84C-670E076D399D}.Debug|Any CPU.Build.0 = Debug|Any CPU
		{EC56DDB7-D3C5-4D87-A84C-670E076D399D}.Release|Any CPU.ActiveCfg = Release|Any CPU
		{EC56DDB7-D3C5-4D87-A84C-670E076D399D}.Release|Any CPU.Build.0 = Release|Any CPU
		{9A79515E-7E62-4E9B-854E-C2B25641731C}.Debug|Any CPU.ActiveCfg = Debug|Any CPU
		{9A79515E-7E62-4E9B-854E-C2B25641731C}.Debug|Any CPU.Build.0 = Debug|Any CPU
		{9A79515E-7E62-4E9B-854E-C2B25641731C}.Release|Any CPU.ActiveCfg = Release|Any CPU
		{9A79515E-7E62-4E9B-854E-C2B25641731C}.Release|Any CPU.Build.0 = Release|Any CPU
		{AECA1227-6297-449F-949E-2F6238E793F8}.Debug|Any CPU.ActiveCfg = Debug|Any CPU
		{AECA1227-6297-449F-949E-2F6238E793F8}.Debug|Any CPU.Build.0 = Debug|Any CPU
		{AECA1227-6297-449F-949E-2F6238E793F8}.Release|Any CPU.ActiveCfg = Release|Any CPU
		{AECA1227-6297-449F-949E-2F6238E793F8}.Release|Any CPU.Build.0 = Release|Any CPU
		{5A5D0061-9C17-47FD-93F7-0309976A85B0}.Debug|Any CPU.ActiveCfg = Debug|Any CPU
		{5A5D0061-9C17-47FD-93F7-0309976A85B0}.Debug|Any CPU.Build.0 = Debug|Any CPU
		{5A5D0061-9C17-47FD-93F7-0309976A85B0}.Release|Any CPU.ActiveCfg = Release|Any CPU
		{5A5D0061-9C17-47FD-93F7-0309976A85B0}.Release|Any CPU.Build.0 = Release|Any CPU
		{016387AB-C14B-4189-8262-2411716F34E8}.Debug|Any CPU.ActiveCfg = Debug|Any CPU
		{016387AB-C14B-4189-8262-2411716F34E8}.Debug|Any CPU.Build.0 = Debug|Any CPU
		{016387AB-C14B-4189-8262-2411716F34E8}.Release|Any CPU.ActiveCfg = Release|Any CPU
		{016387AB-C14B-4189-8262-2411716F34E8}.Release|Any CPU.Build.0 = Release|Any CPU
		{BC2427D0-1252-4500-ABD2-FD702E4CA7F4}.Debug|Any CPU.ActiveCfg = Debug|Any CPU
		{BC2427D0-1252-4500-ABD2-FD702E4CA7F4}.Debug|Any CPU.Build.0 = Debug|Any CPU
		{BC2427D0-1252-4500-ABD2-FD702E4CA7F4}.Release|Any CPU.ActiveCfg = Release|Any CPU
		{BC2427D0-1252-4500-ABD2-FD702E4CA7F4}.Release|Any CPU.Build.0 = Release|Any CPU
		{F2E3F1B9-2FD9-464B-B0D6-E8A096054594}.Debug|Any CPU.ActiveCfg = Debug|Any CPU
		{F2E3F1B9-2FD9-464B-B0D6-E8A096054594}.Debug|Any CPU.Build.0 = Debug|Any CPU
		{F2E3F1B9-2FD9-464B-B0D6-E8A096054594}.Release|Any CPU.ActiveCfg = Release|Any CPU
		{F2E3F1B9-2FD9-464B-B0D6-E8A096054594}.Release|Any CPU.Build.0 = Release|Any CPU
	EndGlobalSection
	GlobalSection(SolutionProperties) = preSolution
		HideSolutionNode = FALSE
	EndGlobalSection
	GlobalSection(NestedProjects) = preSolution
		{CA6FC670-5FAB-4093-A231-7920D2A4D419} = {E7FF467E-7ACA-4950-A692-07449CE1B1BB}
		{DF79664D-15AC-4267-897E-10A6B0D1294D} = {E7FF467E-7ACA-4950-A692-07449CE1B1BB}
		{E702D04B-946F-4EE8-9502-B04ED5866443} = {DF79664D-15AC-4267-897E-10A6B0D1294D}
		{D00E1FFF-9E7A-4F69-981C-C7A6DEA9642F} = {1D357A8E-E913-4CA0-8182-8BAB4BF7251F}
		{EC56DDB7-D3C5-4D87-A84C-670E076D399D} = {DF79664D-15AC-4267-897E-10A6B0D1294D}
		{9A79515E-7E62-4E9B-854E-C2B25641731C} = {1D357A8E-E913-4CA0-8182-8BAB4BF7251F}
		{AECA1227-6297-449F-949E-2F6238E793F8} = {1D357A8E-E913-4CA0-8182-8BAB4BF7251F}
		{5A5D0061-9C17-47FD-93F7-0309976A85B0} = {DF79664D-15AC-4267-897E-10A6B0D1294D}
		{016387AB-C14B-4189-8262-2411716F34E8} = {1D357A8E-E913-4CA0-8182-8BAB4BF7251F}
		{BC2427D0-1252-4500-ABD2-FD702E4CA7F4} = {DF79664D-15AC-4267-897E-10A6B0D1294D}
		{F2E3F1B9-2FD9-464B-B0D6-E8A096054594} = {DF79664D-15AC-4267-897E-10A6B0D1294D}
	EndGlobalSection
	GlobalSection(ExtensibilityGlobals) = postSolution
		SolutionGuid = {47B40EC3-D549-4E20-AEAE-5640A2AD5CD4}
	EndGlobalSection
EndGlobal
