
Microsoft Visual Studio Solution File, Format Version 12.00
# Visual Studio Version 17
VisualStudioVersion = 17.9.34701.34
MinimumVisualStudioVersion = 10.0.40219.1
Project("{FAE04EC0-301F-11D3-BF4B-00C04F79EFBC}") = "Finance_Manager_UI", "Finance_Manager_UI\Finance_Manager_UI.csproj", "{8D8765D1-B080-42EE-A67B-67FF1BEF3DE8}"
EndProject
Project("{2150E333-8FDC-42A3-9474-1A3956D46DE8}") = "Finance_Manager_Backend", "Finance_Manager_Backend", "{E7FF467E-7ACA-4950-A692-07449CE1B1BB}"
EndProject
Project("{FAE04EC0-301F-11D3-BF4B-00C04F79EFBC}") = "ApiGateway", "ApiGateway\ApiGateway.csproj", "{CA6FC670-5FAB-4093-A231-7920D2A4D419}"
EndProject
Project("{2150E333-8FDC-42A3-9474-1A3956D46DE8}") = "Services", "Services", "{DF79664D-15AC-4267-897E-10A6B0D1294D}"
EndProject
Project("{FAE04EC0-301F-11D3-BF4B-00C04F79EFBC}") = "UserService", "UserService\UserService.csproj", "{15D34A6F-2CB3-4F7D-A121-A9524DFCA01D}"
EndProject
Project("{FAE04EC0-301F-11D3-BF4B-00C04F79EFBC}") = "Common", "Common\Common.csproj", "{0499D9FC-18B9-4704-B005-EBAC5F93D73E}"
EndProject
Global
	GlobalSection(SolutionConfigurationPlatforms) = preSolution
		Debug|Any CPU = Debug|Any CPU
		Release|Any CPU = Release|Any CPU
	EndGlobalSection
	GlobalSection(ProjectConfigurationPlatforms) = postSolution
		{8D8765D1-B080-42EE-A67B-67FF1BEF3DE8}.Debug|Any CPU.ActiveCfg = Debug|Any CPU
		{8D8765D1-B080-42EE-A67B-67FF1BEF3DE8}.Debug|Any CPU.Build.0 = Debug|Any CPU
		{8D8765D1-B080-42EE-A67B-67FF1BEF3DE8}.Debug|Any CPU.Deploy.0 = Debug|Any CPU
		{8D8765D1-B080-42EE-A67B-67FF1BEF3DE8}.Release|Any CPU.ActiveCfg = Release|Any CPU
		{8D8765D1-B080-42EE-A67B-67FF1BEF3DE8}.Release|Any CPU.Build.0 = Release|Any CPU
		{8D8765D1-B080-42EE-A67B-67FF1BEF3DE8}.Release|Any CPU.Deploy.0 = Release|Any CPU
		{CA6FC670-5FAB-4093-A231-7920D2A4D419}.Debug|Any CPU.ActiveCfg = Debug|Any CPU
		{CA6FC670-5FAB-4093-A231-7920D2A4D419}.Debug|Any CPU.Build.0 = Debug|Any CPU
		{CA6FC670-5FAB-4093-A231-7920D2A4D419}.Release|Any CPU.ActiveCfg = Release|Any CPU
		{CA6FC670-5FAB-4093-A231-7920D2A4D419}.Release|Any CPU.Build.0 = Release|Any CPU
		{15D34A6F-2CB3-4F7D-A121-A9524DFCA01D}.Debug|Any CPU.ActiveCfg = Debug|Any CPU
		{15D34A6F-2CB3-4F7D-A121-A9524DFCA01D}.Debug|Any CPU.Build.0 = Debug|Any CPU
		{15D34A6F-2CB3-4F7D-A121-A9524DFCA01D}.Release|Any CPU.ActiveCfg = Release|Any CPU
		{15D34A6F-2CB3-4F7D-A121-A9524DFCA01D}.Release|Any CPU.Build.0 = Release|Any CPU
		{0499D9FC-18B9-4704-B005-EBAC5F93D73E}.Debug|Any CPU.ActiveCfg = Debug|Any CPU
		{0499D9FC-18B9-4704-B005-EBAC5F93D73E}.Debug|Any CPU.Build.0 = Debug|Any CPU
		{0499D9FC-18B9-4704-B005-EBAC5F93D73E}.Release|Any CPU.ActiveCfg = Release|Any CPU
		{0499D9FC-18B9-4704-B005-EBAC5F93D73E}.Release|Any CPU.Build.0 = Release|Any CPU
	EndGlobalSection
	GlobalSection(SolutionProperties) = preSolution
		HideSolutionNode = FALSE
	EndGlobalSection
	GlobalSection(NestedProjects) = preSolution
		{CA6FC670-5FAB-4093-A231-7920D2A4D419} = {E7FF467E-7ACA-4950-A692-07449CE1B1BB}
		{DF79664D-15AC-4267-897E-10A6B0D1294D} = {E7FF467E-7ACA-4950-A692-07449CE1B1BB}
		{15D34A6F-2CB3-4F7D-A121-A9524DFCA01D} = {DF79664D-15AC-4267-897E-10A6B0D1294D}
	EndGlobalSection
	GlobalSection(ExtensibilityGlobals) = postSolution
		SolutionGuid = {47B40EC3-D549-4E20-AEAE-5640A2AD5CD4}
	EndGlobalSection
EndGlobal
